{
  "name": "merkle-tree-demo",
  "version": "1.0.0",
  "lockfileVersion": 2,
  "requires": true,
  "packages": {
    "": {
      "name": "merkle-tree-demo",
      "version": "1.0.0",
      "dependencies": {
        "js-sha256": "^0.10.1",
        "underscore": "^1.13.6"
      }
    },
    "node_modules/js-sha256": {
      "version": "0.10.1",
      "resolved": "https://registry.npmjs.org/js-sha256/-/js-sha256-0.10.1.tgz",
      "integrity": "sha512-5obBtsz9301ULlsgggLg542s/jqtddfOpV5KJc4hajc9JV8GeY2gZHSVpYBn4nWqAUTJ9v+xwtbJ1mIBgIH5Vw=="
    },
    "node_modules/underscore": {
      "version": "1.13.6",
      "resolved": "https://registry.npmjs.org/underscore/-/underscore-1.13.6.tgz",
      "integrity": "sha512-+A5Sja4HP1M08MaXya7p5LvjuM7K6q/2EaC0+iovj/wOcMsTzMvDFbasi/oSapiwOlt252IqsKqPjCl7huKS0A=="
    }
  },
  "dependencies": {
    "js-sha256": {
      "version": "0.10.1",
      "resolved": "https://registry.npmjs.org/js-sha256/-/js-sha256-0.10.1.tgz",
      "integrity": "sha512-5obBtsz9301ULlsgggLg542s/jqtddfOpV5KJc4hajc9JV8GeY2gZHSVpYBn4nWqAUTJ9v+xwtbJ1mIBgIH5Vw=="
    },
    "underscore": {
      "version": "1.13.6",
      "resolved": "https://registry.npmjs.org/underscore/-/underscore-1.13.6.tgz",
      "integrity": "sha512-+A5Sja4HP1M08MaXya7p5LvjuM7K6q/2EaC0+iovj/wOcMsTzMvDFbasi/oSapiwOlt252IqsKqPjCl7huKS0A=="
    }
  }
}
